Microsoft Visual Studio Solution File, Format Version 12.00
# Visual Studio 15
VisualStudioVersion = 15.0.28307.136
MinimumVisualStudioVersion = 10.0.40219.1
Project("{9A19103F-16F7-4668-BE54-9A1E7A4F7556}") = "Laneta.EntityFramework", "Laneta.EntityFramework\Laneta.EntityFramework.csproj", "{C570F451-1C69-4BB3-A25F-A411A52B0E96}"
EndProject
Project("{9A19103F-16F7-4668-BE54-9A1E7A4F7556}") = "Laneta.Entities", "Laneta.Entities\Laneta.Entities.csproj", "{2654AFA9-8AC6-49D8-B4FA-5FA9AD248684}"
EndProject
Project("{2150E333-8FDC-42A3-9474-1A3956D46DE8}") = "Domain", "Domain", "{D366C72B-16FC-4823-8AF2-9D1F5E7BE3A8}"
EndProject
Project("{2150E333-8FDC-42A3-9474-1A3956D46DE8}") = "Web", "Web", "{FD06543B-BDF0-4BAF-9EA9-9AD1DD2C8135}"
EndProject
Project("{9A19103F-16F7-4668-BE54-9A1E7A4F7556}") = "Laneta.UI.Web", "Laneta.UI.Web\Laneta.UI.Web.csproj", "{808CB24B-CD44-414D-BB74-BC28C1EDA547}"
EndProject
Project("{2150E333-8FDC-42A3-9474-1A3956D46DE8}") = "Tests", "Tests", "{EB92F2A9-3621-4236-9064-AE408BF7DCCC}"
EndProject
Global
	GlobalSection(SolutionConfigurationPlatforms) = preSolution
		Debug|Any CPU = Debug|Any CPU
		Release|Any CPU = Release|Any CPU
	EndGlobalSection
	GlobalSection(ProjectConfigurationPlatforms) = postSolution
		{C570F451-1C69-4BB3-A25F-A411A52B0E96}.Debug|Any CPU.ActiveCfg = Debug|Any CPU
		{C570F451-1C69-4BB3-A25F-A411A52B0E96}.Debug|Any CPU.Build.0 = Debug|Any CPU
		{C570F451-1C69-4BB3-A25F-A411A52B0E96}.Release|Any CPU.ActiveCfg = Release|Any CPU
		{C570F451-1C69-4BB3-A25F-A411A52B0E96}.Release|Any CPU.Build.0 = Release|Any CPU
		{2654AFA9-8AC6-49D8-B4FA-5FA9AD248684}.Debug|Any CPU.ActiveCfg = Debug|Any CPU
		{2654AFA9-8AC6-49D8-B4FA-5FA9AD248684}.Debug|Any CPU.Build.0 = Debug|Any CPU
		{2654AFA9-8AC6-49D8-B4FA-5FA9AD248684}.Release|Any CPU.ActiveCfg = Release|Any CPU
		{2654AFA9-8AC6-49D8-B4FA-5FA9AD248684}.Release|Any CPU.Build.0 = Release|Any CPU
		{808CB24B-CD44-414D-BB74-BC28C1EDA547}.Debug|Any CPU.ActiveCfg = Debug|Any CPU
		{808CB24B-CD44-414D-BB74-BC28C1EDA547}.Debug|Any CPU.Build.0 = Debug|Any CPU
		{808CB24B-CD44-414D-BB74-BC28C1EDA547}.Release|Any CPU.ActiveCfg = Release|Any CPU
		{808CB24B-CD44-414D-BB74-BC28C1EDA547}.Release|Any CPU.Build.0 = Release|Any CPU
	EndGlobalSection
	GlobalSection(SolutionProperties) = preSolution
		HideSolutionNode = FALSE
	EndGlobalSection
	GlobalSection(NestedProjects) = preSolution
		{C570F451-1C69-4BB3-A25F-A411A52B0E96} = {D366C72B-16FC-4823-8AF2-9D1F5E7BE3A8}
		{2654AFA9-8AC6-49D8-B4FA-5FA9AD248684} = {D366C72B-16FC-4823-8AF2-9D1F5E7BE3A8}
		{808CB24B-CD44-414D-BB74-BC28C1EDA547} = {FD06543B-BDF0-4BAF-9EA9-9AD1DD2C8135}
	EndGlobalSection
	GlobalSection(ExtensibilityGlobals) = postSolution
		SolutionGuid = {1E7058C4-FBCA-42BF-977C-1EB9872226DF}
	EndGlobalSection
EndGlobal
