Microsoft Visual Studio Solution File, Format Version 12.00
# Visual Studio 15
VisualStudioVersion = 15.0.28307.136
MinimumVisualStudioVersion = 10.0.40219.1
Project("{9A19103F-16F7-4668-BE54-9A1E7A4F7556}") = "Laneta.EntityFramework", "Laneta.EntityFramework\Laneta.EntityFramework.csproj", "{C570F451-1C69-4BB3-A25F-A411A52B0E96}"
EndProject
Project("{9A19103F-16F7-4668-BE54-9A1E7A4F7556}") = "Laneta.Entities", "Laneta.Entities\Laneta.Entities.csproj", "{2654AFA9-8AC6-49D8-B4FA-5FA9AD248684}"
EndProject
Project("{2150E333-8FDC-42A3-9474-1A3956D46DE8}") = "Domain", "Domain", "{D366C72B-16FC-4823-8AF2-9D1F5E7BE3A8}"
EndProject
Project("{2150E333-8FDC-42A3-9474-1A3956D46DE8}") = "Web", "Web", "{FD06543B-BDF0-4BAF-9EA9-9AD1DD2C8135}"
EndProject
Project("{9A19103F-16F7-4668-BE54-9A1E7A4F7556}") = "Laneta.UI.Web", "Laneta.UI.Web\Laneta.UI.Web.csproj", "{808CB24B-CD44-414D-BB74-BC28C1EDA547}"
EndProject
Project("{FAE04EC0-301F-11D3-BF4B-00C04F79EFBC}") = "Laneta.Web.UITests", "Tests\Web.UITests\Laneta.Web.UITests.csproj", "{7B9028A6-73A9-4CC3-BBA9-5CD129D6BEC3}"
EndProject
Project("{FAE04EC0-301F-11D3-BF4B-00C04F79EFBC}") = "Laneta.Web.Tests", "Tests\Web.Tests\Laneta.Web.Tests.csproj", "{2FE8E250-4218-4B31-AB23-D9B91ABD842B}"
EndProject
Project("{FAE04EC0-301F-11D3-BF4B-00C04F79EFBC}") = "Laneta.Extranet.Web.Tests", "Tests\Extranet.Web.Tests\Laneta.Extranet.Web.Tests.csproj", "{5F674CB4-3098-40B2-9EFD-5D754348974D}"
EndProject
Project("{2150E333-8FDC-42A3-9474-1A3956D46DE8}") = "Tests", "Tests", "{EB92F2A9-3621-4236-9064-AE408BF7DCCC}"
EndProject
Project("{FAE04EC0-301F-11D3-BF4B-00C04F79EFBC}") = "Laneta.Extranet.Web", "Tests\Extranet.Web\Laneta.Extranet.Web.csproj", "{A8E4732A-F2F0-4953-8946-46A1900F65A4}"
EndProject
Global
	GlobalSection(SolutionConfigurationPlatforms) = preSolution
		Debug|Any CPU = Debug|Any CPU
		Release|Any CPU = Release|Any CPU
	EndGlobalSection
	GlobalSection(ProjectConfigurationPlatforms) = postSolution
		{C570F451-1C69-4BB3-A25F-A411A52B0E96}.Debug|Any CPU.ActiveCfg = Debug|Any CPU
		{C570F451-1C69-4BB3-A25F-A411A52B0E96}.Debug|Any CPU.Build.0 = Debug|Any CPU
		{C570F451-1C69-4BB3-A25F-A411A52B0E96}.Release|Any CPU.ActiveCfg = Release|Any CPU
		{C570F451-1C69-4BB3-A25F-A411A52B0E96}.Release|Any CPU.Build.0 = Release|Any CPU
		{2654AFA9-8AC6-49D8-B4FA-5FA9AD248684}.Debug|Any CPU.ActiveCfg = Debug|Any CPU
		{2654AFA9-8AC6-49D8-B4FA-5FA9AD248684}.Debug|Any CPU.Build.0 = Debug|Any CPU
		{2654AFA9-8AC6-49D8-B4FA-5FA9AD248684}.Release|Any CPU.ActiveCfg = Release|Any CPU
		{2654AFA9-8AC6-49D8-B4FA-5FA9AD248684}.Release|Any CPU.Build.0 = Release|Any CPU
		{808CB24B-CD44-414D-BB74-BC28C1EDA547}.Debug|Any CPU.ActiveCfg = Debug|Any CPU
		{808CB24B-CD44-414D-BB74-BC28C1EDA547}.Debug|Any CPU.Build.0 = Debug|Any CPU
		{808CB24B-CD44-414D-BB74-BC28C1EDA547}.Release|Any CPU.ActiveCfg = Release|Any CPU
		{808CB24B-CD44-414D-BB74-BC28C1EDA547}.Release|Any CPU.Build.0 = Release|Any CPU
		{7B9028A6-73A9-4CC3-BBA9-5CD129D6BEC3}.Debug|Any CPU.ActiveCfg = Debug|Any CPU
		{7B9028A6-73A9-4CC3-BBA9-5CD129D6BEC3}.Debug|Any CPU.Build.0 = Debug|Any CPU
		{7B9028A6-73A9-4CC3-BBA9-5CD129D6BEC3}.Release|Any CPU.ActiveCfg = Release|Any CPU
		{7B9028A6-73A9-4CC3-BBA9-5CD129D6BEC3}.Release|Any CPU.Build.0 = Release|Any CPU
		{2FE8E250-4218-4B31-AB23-D9B91ABD842B}.Debug|Any CPU.ActiveCfg = Debug|Any CPU
		{2FE8E250-4218-4B31-AB23-D9B91ABD842B}.Debug|Any CPU.Build.0 = Debug|Any CPU
		{2FE8E250-4218-4B31-AB23-D9B91ABD842B}.Release|Any CPU.ActiveCfg = Release|Any CPU
		{2FE8E250-4218-4B31-AB23-D9B91ABD842B}.Release|Any CPU.Build.0 = Release|Any CPU
		{5F674CB4-3098-40B2-9EFD-5D754348974D}.Debug|Any CPU.ActiveCfg = Debug|Any CPU
		{5F674CB4-3098-40B2-9EFD-5D754348974D}.Debug|Any CPU.Build.0 = Debug|Any CPU
		{5F674CB4-3098-40B2-9EFD-5D754348974D}.Release|Any CPU.ActiveCfg = Release|Any CPU
		{5F674CB4-3098-40B2-9EFD-5D754348974D}.Release|Any CPU.Build.0 = Release|Any CPU
		{A8E4732A-F2F0-4953-8946-46A1900F65A4}.Debug|Any CPU.ActiveCfg = Debug|Any CPU
		{A8E4732A-F2F0-4953-8946-46A1900F65A4}.Debug|Any CPU.Build.0 = Debug|Any CPU
		{A8E4732A-F2F0-4953-8946-46A1900F65A4}.Release|Any CPU.ActiveCfg = Release|Any CPU
		{A8E4732A-F2F0-4953-8946-46A1900F65A4}.Release|Any CPU.Build.0 = Release|Any CPU
	EndGlobalSection
	GlobalSection(SolutionProperties) = preSolution
		HideSolutionNode = FALSE
	EndGlobalSection
	GlobalSection(NestedProjects) = preSolution
		{C570F451-1C69-4BB3-A25F-A411A52B0E96} = {D366C72B-16FC-4823-8AF2-9D1F5E7BE3A8}
		{2654AFA9-8AC6-49D8-B4FA-5FA9AD248684} = {D366C72B-16FC-4823-8AF2-9D1F5E7BE3A8}
		{808CB24B-CD44-414D-BB74-BC28C1EDA547} = {FD06543B-BDF0-4BAF-9EA9-9AD1DD2C8135}
		{7B9028A6-73A9-4CC3-BBA9-5CD129D6BEC3} = {EB92F2A9-3621-4236-9064-AE408BF7DCCC}
		{2FE8E250-4218-4B31-AB23-D9B91ABD842B} = {EB92F2A9-3621-4236-9064-AE408BF7DCCC}
		{5F674CB4-3098-40B2-9EFD-5D754348974D} = {EB92F2A9-3621-4236-9064-AE408BF7DCCC}
		{A8E4732A-F2F0-4953-8946-46A1900F65A4} = {EB92F2A9-3621-4236-9064-AE408BF7DCCC}
	EndGlobalSection
	GlobalSection(ExtensibilityGlobals) = postSolution
		SolutionGuid = {1E7058C4-FBCA-42BF-977C-1EB9872226DF}
	EndGlobalSection
EndGlobal
